
Microsoft Visual Studio Solution File, Format Version 12.00
# Visual Studio Version 17
VisualStudioVersion = 17.10.35122.118
MinimumVisualStudioVersion = 10.0.40219.1
Project("{FAE04EC0-301F-11D3-BF4B-00C04F79EFBC}") = "Dickwella hotel management system UI", "Dickwella hotel management system UI\Dickwella hotel management system UI.csproj", "{A066B4F2-76CE-439F-B32E-9E14463C2011}"
EndProject
Global
	GlobalSection(SolutionConfigurationPlatforms) = preSolution
		Debug|Any CPU = Debug|Any CPU
		Release|Any CPU = Release|Any CPU
	EndGlobalSection
	GlobalSection(ProjectConfigurationPlatforms) = postSolution
		{A066B4F2-76CE-439F-B32E-9E14463C2011}.Debug|Any CPU.ActiveCfg = Debug|Any CPU
		{A066B4F2-76CE-439F-B32E-9E14463C2011}.Debug|Any CPU.Build.0 = Debug|Any CPU
		{A066B4F2-76CE-439F-B32E-9E14463C2011}.Release|Any CPU.ActiveCfg = Release|Any CPU
		{A066B4F2-76CE-439F-B32E-9E14463C2011}.Release|Any CPU.Build.0 = Release|Any CPU
	EndGlobalSection
	GlobalSection(SolutionProperties) = preSolution
		HideSolutionNode = FALSE
	EndGlobalSection
	GlobalSection(ExtensibilityGlobals) = postSolution
		SolutionGuid = {0A2F17B2-7273-4756-A81C-BC7C27FA69DF}
	EndGlobalSection
EndGlobal
